// !$*UTF8*$!
{
	archiveVersion = 1;
	classes = {
	};
	objectVersion = 46;
	objects = {

/* Begin PBXBuildFile section */
		6C779B6B17A2B8DD00AC2C6C /* UIKit.framework in Frameworks */ = {isa = PBXBuildFile; fileRef = 6C779B6A17A2B8DD00AC2C6C /* UIKit.framework */; };
		6C779B6D17A2B8DD00AC2C6C /* Foundation.framework in Frameworks */ = {isa = PBXBuildFile; fileRef = 6C779B6C17A2B8DD00AC2C6C /* Foundation.framework */; };
		6C779B6F17A2B8DD00AC2C6C /* CoreGraphics.framework in Frameworks */ = {isa = PBXBuildFile; fileRef = 6C779B6E17A2B8DD00AC2C6C /* CoreGraphics.framework */; };
		6C779B7517A2B8DD00AC2C6C /* InfoPlist.strings in Resources */ = {isa = PBXBuildFile; fileRef = 6C779B7317A2B8DD00AC2C6C /* InfoPlist.strings */; };
		6C779B7717A2B8DD00AC2C6C /* main.m in Sources */ = {isa = PBXBuildFile; fileRef = 6C779B7617A2B8DD00AC2C6C /* main.m */; };
		6C779B7D17A2B8DD00AC2C6C /* Default.png in Resources */ = {isa = PBXBuildFile; fileRef = 6C779B7C17A2B8DD00AC2C6C /* Default.png */; };
		6C779B7F17A2B8DD00AC2C6C /* Default@2x.png in Resources */ = {isa = PBXBuildFile; fileRef = 6C779B7E17A2B8DD00AC2C6C /* Default@2x.png */; };
		6C779B8117A2B8DD00AC2C6C /* Default-568h@2x.png in Resources */ = {isa = PBXBuildFile; fileRef = 6C779B8017A2B8DD00AC2C6C /* Default-568h@2x.png */; };
		6C89107817A3558E0019CEF8 /* AFHTTPClient.m in Sources */ = {isa = PBXBuildFile; fileRef = 6C89106317A3558E0019CEF8 /* AFHTTPClient.m */; };
		6C89107917A3558E0019CEF8 /* AFHTTPRequestOperation.m in Sources */ = {isa = PBXBuildFile; fileRef = 6C89106517A3558E0019CEF8 /* AFHTTPRequestOperation.m */; };
		6C89107A17A3558E0019CEF8 /* AFImageRequestOperation.m in Sources */ = {isa = PBXBuildFile; fileRef = 6C89106717A3558E0019CEF8 /* AFImageRequestOperation.m */; };
		6C89107B17A3558E0019CEF8 /* AFJSONRequestOperation.m in Sources */ = {isa = PBXBuildFile; fileRef = 6C89106917A3558E0019CEF8 /* AFJSONRequestOperation.m */; };
		6C89107C17A3558E0019CEF8 /* AFNetworkActivityIndicatorManager.m in Sources */ = {isa = PBXBuildFile; fileRef = 6C89106B17A3558E0019CEF8 /* AFNetworkActivityIndicatorManager.m */; };
		6C89107D17A3558E0019CEF8 /* AFPropertyListRequestOperation.m in Sources */ = {isa = PBXBuildFile; fileRef = 6C89106E17A3558E0019CEF8 /* AFPropertyListRequestOperation.m */; };
		6C89107E17A3558E0019CEF8 /* AFURLConnectionOperation.m in Sources */ = {isa = PBXBuildFile; fileRef = 6C89107017A3558E0019CEF8 /* AFURLConnectionOperation.m */; };
		6C89107F17A3558E0019CEF8 /* AFXMLRequestOperation.m in Sources */ = {isa = PBXBuildFile; fileRef = 6C89107217A3558E0019CEF8 /* AFXMLRequestOperation.m */; };
		6C89108017A3558E0019CEF8 /* UIImageView+AFNetworking.m in Sources */ = {isa = PBXBuildFile; fileRef = 6C89107417A3558E0019CEF8 /* UIImageView+AFNetworking.m */; };
		6C89108117A3558E0019CEF8 /* JSBadgeView.m in Sources */ = {isa = PBXBuildFile; fileRef = 6C89107717A3558E0019CEF8 /* JSBadgeView.m */; };
		6C89109217A369E60019CEF8 /* SystemConfiguration.framework in Frameworks */ = {isa = PBXBuildFile; fileRef = 6C89109117A369E60019CEF8 /* SystemConfiguration.framework */; };
		6C89109417A369ED0019CEF8 /* MobileCoreServices.framework in Frameworks */ = {isa = PBXBuildFile; fileRef = 6C89109317A369ED0019CEF8 /* MobileCoreServices.framework */; };
		6C89109617A36AF00019CEF8 /* Security.framework in Frameworks */ = {isa = PBXBuildFile; fileRef = 6C89109517A36AF00019CEF8 /* Security.framework */; };
		6C89109817A36AFB0019CEF8 /* CFNetwork.framework in Frameworks */ = {isa = PBXBuildFile; fileRef = 6C89109717A36AFB0019CEF8 /* CFNetwork.framework */; };
		8D587C7417A373ED009E9B64 /* Transfer.m in Sources */ = {isa = PBXBuildFile; fileRef = 8D587C7017A373ED009E9B64 /* Transfer.m */; };
		8D587C7517A373ED009E9B64 /* LoginViewController.m in Sources */ = {isa = PBXBuildFile; fileRef = 8D587C7317A373ED009E9B64 /* LoginViewController.m */; };
		8D587C7B17A375DC009E9B64 /* LKOAAppDelegate.m in Sources */ = {isa = PBXBuildFile; fileRef = 8D587C7A17A375DC009E9B64 /* LKOAAppDelegate.m */; };
		8D587C7E17A37693009E9B64 /* BaseViewController.m in Sources */ = {isa = PBXBuildFile; fileRef = 8D587C7D17A37693009E9B64 /* BaseViewController.m */; };
		8D587CD817A39E31009E9B64 /* input_bg.png in Resources */ = {isa = PBXBuildFile; fileRef = 8D587CC217A39E31009E9B64 /* input_bg.png */; };
		8D587CD917A39E31009E9B64 /* ip_button_n.png in Resources */ = {isa = PBXBuildFile; fileRef = 8D587CC317A39E31009E9B64 /* ip_button_n.png */; };
		8D587CDA17A39E31009E9B64 /* ip_button_s.png in Resources */ = {isa = PBXBuildFile; fileRef = 8D587CC417A39E31009E9B64 /* ip_button_s.png */; };
		8D587CDB17A39E31009E9B64 /* login_bg.png in Resources */ = {isa = PBXBuildFile; fileRef = 8D587CC517A39E31009E9B64 /* login_bg.png */; };
		8D587CDC17A39E31009E9B64 /* login_button_n.png in Resources */ = {isa = PBXBuildFile; fileRef = 8D587CC617A39E31009E9B64 /* login_button_n.png */; };
		8D587CDD17A39E31009E9B64 /* logo-320x480.png in Resources */ = {isa = PBXBuildFile; fileRef = 8D587CC717A39E31009E9B64 /* logo-320x480.png */; };
		8D587CDE17A39E31009E9B64 /* logo.png in Resources */ = {isa = PBXBuildFile; fileRef = 8D587CC817A39E31009E9B64 /* logo.png */; };
		8D587CDF17A39E31009E9B64 /* middle_bg.png in Resources */ = {isa = PBXBuildFile; fileRef = 8D587CC917A39E31009E9B64 /* middle_bg.png */; };
		8D587CE017A39E31009E9B64 /* select_button_n.png in Resources */ = {isa = PBXBuildFile; fileRef = 8D587CCA17A39E31009E9B64 /* select_button_n.png */; };
		8D587CE117A39E31009E9B64 /* select_button_s.png in Resources */ = {isa = PBXBuildFile; fileRef = 8D587CCB17A39E31009E9B64 /* select_button_s.png */; };
		8D587CE217A39E31009E9B64 /* backbutton_normal@2x.png in Resources */ = {isa = PBXBuildFile; fileRef = 8D587CCD17A39E31009E9B64 /* backbutton_normal@2x.png */; };
		8D587CE317A39E31009E9B64 /* backbutton_selected@2x.png in Resources */ = {isa = PBXBuildFile; fileRef = 8D587CCE17A39E31009E9B64 /* backbutton_selected@2x.png */; };
		8D587CE417A39E31009E9B64 /* input_bg@2x.png in Resources */ = {isa = PBXBuildFile; fileRef = 8D587CCF17A39E31009E9B64 /* input_bg@2x.png */; };
		8D587CE517A39E31009E9B64 /* ip_button_n@2x.png in Resources */ = {isa = PBXBuildFile; fileRef = 8D587CD017A39E31009E9B64 /* ip_button_n@2x.png */; };
		8D587CE617A39E31009E9B64 /* ip_button_s@2x.png in Resources */ = {isa = PBXBuildFile; fileRef = 8D587CD117A39E31009E9B64 /* ip_button_s@2x.png */; };
		8D587CE717A39E31009E9B64 /* login_bg@2x.png in Resources */ = {isa = PBXBuildFile; fileRef = 8D587CD217A39E31009E9B64 /* login_bg@2x.png */; };
		8D587CE817A39E31009E9B64 /* login_button_n@2x.png in Resources */ = {isa = PBXBuildFile; fileRef = 8D587CD317A39E31009E9B64 /* login_button_n@2x.png */; };
		8D587CE917A39E31009E9B64 /* middle_bg@2x.png in Resources */ = {isa = PBXBuildFile; fileRef = 8D587CD417A39E31009E9B64 /* middle_bg@2x.png */; };
		8D587CEA17A39E31009E9B64 /* navbar@2x.png in Resources */ = {isa = PBXBuildFile; fileRef = 8D587CD517A39E31009E9B64 /* navbar@2x.png */; };
		8D587CEB17A39E31009E9B64 /* select_button_n@2x.png in Resources */ = {isa = PBXBuildFile; fileRef = 8D587CD617A39E31009E9B64 /* select_button_n@2x.png */; };
		8D587CEC17A39E31009E9B64 /* select_button_s@2x.png in Resources */ = {isa = PBXBuildFile; fileRef = 8D587CD717A39E31009E9B64 /* select_button_s@2x.png */; };
/* End PBXBuildFile section */

/* Begin PBXFileReference section */
		6C779B6717A2B8DC00AC2C6C /* LKOA4iPhone.app */ = {isa = PBXFileReference; explicitFileType = wrapper.application; includeInIndex = 0; path = LKOA4iPhone.app; sourceTree = BUILT_PRODUCTS_DIR; };
		6C779B6A17A2B8DD00AC2C6C /* UIKit.framework */ = {isa = PBXFileReference; lastKnownFileType = wrapper.framework; name = UIKit.framework; path = System/Library/Frameworks/UIKit.framework; sourceTree = SDKROOT; };
		6C779B6C17A2B8DD00AC2C6C /* Foundation.framework */ = {isa = PBXFileReference; lastKnownFileType = wrapper.framework; name = Foundation.framework; path = System/Library/Frameworks/Foundation.framework; sourceTree = SDKROOT; };
		6C779B6E17A2B8DD00AC2C6C /* CoreGraphics.framework */ = {isa = PBXFileReference; lastKnownFileType = wrapper.framework; name = CoreGraphics.framework; path = System/Library/Frameworks/CoreGraphics.framework; sourceTree = SDKROOT; };
		6C779B7217A2B8DD00AC2C6C /* LKOA4iPhone-Info.plist */ = {isa = PBXFileReference; lastKnownFileType = text.plist.xml; path = "LKOA4iPhone-Info.plist"; sourceTree = "<group>"; };
		6C779B7417A2B8DD00AC2C6C /* en */ = {isa = PBXFileReference; lastKnownFileType = text.plist.strings; name = en; path = en.lproj/InfoPlist.strings; sourceTree = "<group>"; };
		6C779B7617A2B8DD00AC2C6C /* main.m */ = {isa = PBXFileReference; lastKnownFileType = sourcecode.c.objc; path = main.m; sourceTree = "<group>"; };
		6C779B7817A2B8DD00AC2C6C /* LKOA4iPhone-Prefix.pch */ = {isa = PBXFileReference; lastKnownFileType = sourcecode.c.h; path = "LKOA4iPhone-Prefix.pch"; sourceTree = "<group>"; };
		6C779B7C17A2B8DD00AC2C6C /* Default.png */ = {isa = PBXFileReference; lastKnownFileType = image.png; path = Default.png; sourceTree = "<group>"; };
		6C779B7E17A2B8DD00AC2C6C /* Default@2x.png */ = {isa = PBXFileReference; lastKnownFileType = image.png; path = "Default@2x.png"; sourceTree = "<group>"; };
		6C779B8017A2B8DD00AC2C6C /* Default-568h@2x.png */ = {isa = PBXFileReference; lastKnownFileType = image.png; path = "Default-568h@2x.png"; sourceTree = "<group>"; };
		6C89106217A3558E0019CEF8 /* AFHTTPClient.h */ = {isa = PBXFileReference; fileEncoding = 4; lastKnownFileType = sourcecode.c.h; path = AFHTTPClient.h; sourceTree = "<group>"; };
		6C89106317A3558E0019CEF8 /* AFHTTPClient.m */ = {isa = PBXFileReference; fileEncoding = 4; lastKnownFileType = sourcecode.c.objc; path = AFHTTPClient.m; sourceTree = "<group>"; };
		6C89106417A3558E0019CEF8 /* AFHTTPRequestOperation.h */ = {isa = PBXFileReference; fileEncoding = 4; lastKnownFileType = sourcecode.c.h; path = AFHTTPRequestOperation.h; sourceTree = "<group>"; };
		6C89106517A3558E0019CEF8 /* AFHTTPRequestOperation.m */ = {isa = PBXFileReference; fileEncoding = 4; lastKnownFileType = sourcecode.c.objc; path = AFHTTPRequestOperation.m; sourceTree = "<group>"; };
		6C89106617A3558E0019CEF8 /* AFImageRequestOperation.h */ = {isa = PBXFileReference; fileEncoding = 4; lastKnownFileType = sourcecode.c.h; path = AFImageRequestOperation.h; sourceTree = "<group>"; };
		6C89106717A3558E0019CEF8 /* AFImageRequestOperation.m */ = {isa = PBXFileReference; fileEncoding = 4; lastKnownFileType = sourcecode.c.objc; path = AFImageRequestOperation.m; sourceTree = "<group>"; };
		6C89106817A3558E0019CEF8 /* AFJSONRequestOperation.h */ = {isa = PBXFileReference; fileEncoding = 4; lastKnownFileType = sourcecode.c.h; path = AFJSONRequestOperation.h; sourceTree = "<group>"; };
		6C89106917A3558E0019CEF8 /* AFJSONRequestOperation.m */ = {isa = PBXFileReference; fileEncoding = 4; lastKnownFileType = sourcecode.c.objc; path = AFJSONRequestOperation.m; sourceTree = "<group>"; };
		6C89106A17A3558E0019CEF8 /* AFNetworkActivityIndicatorManager.h */ = {isa = PBXFileReference; fileEncoding = 4; lastKnownFileType = sourcecode.c.h; path = AFNetworkActivityIndicatorManager.h; sourceTree = "<group>"; };
		6C89106B17A3558E0019CEF8 /* AFNetworkActivityIndicatorManager.m */ = {isa = PBXFileReference; fileEncoding = 4; lastKnownFileType = sourcecode.c.objc; path = AFNetworkActivityIndicatorManager.m; sourceTree = "<group>"; };
		6C89106C17A3558E0019CEF8 /* AFNetworking.h */ = {isa = PBXFileReference; fileEncoding = 4; lastKnownFileType = sourcecode.c.h; path = AFNetworking.h; sourceTree = "<group>"; };
		6C89106D17A3558E0019CEF8 /* AFPropertyListRequestOperation.h */ = {isa = PBXFileReference; fileEncoding = 4; lastKnownFileType = sourcecode.c.h; path = AFPropertyListRequestOperation.h; sourceTree = "<group>"; };
		6C89106E17A3558E0019CEF8 /* AFPropertyListRequestOperation.m */ = {isa = PBXFileReference; fileEncoding = 4; lastKnownFileType = sourcecode.c.objc; path = AFPropertyListRequestOperation.m; sourceTree = "<group>"; };
		6C89106F17A3558E0019CEF8 /* AFURLConnectionOperation.h */ = {isa = PBXFileReference; fileEncoding = 4; lastKnownFileType = sourcecode.c.h; path = AFURLConnectionOperation.h; sourceTree = "<group>"; };
		6C89107017A3558E0019CEF8 /* AFURLConnectionOperation.m */ = {isa = PBXFileReference; fileEncoding = 4; lastKnownFileType = sourcecode.c.objc; path = AFURLConnectionOperation.m; sourceTree = "<group>"; };
		6C89107117A3558E0019CEF8 /* AFXMLRequestOperation.h */ = {isa = PBXFileReference; fileEncoding = 4; lastKnownFileType = sourcecode.c.h; path = AFXMLRequestOperation.h; sourceTree = "<group>"; };
		6C89107217A3558E0019CEF8 /* AFXMLRequestOperation.m */ = {isa = PBXFileReference; fileEncoding = 4; lastKnownFileType = sourcecode.c.objc; path = AFXMLRequestOperation.m; sourceTree = "<group>"; };
		6C89107317A3558E0019CEF8 /* UIImageView+AFNetworking.h */ = {isa = PBXFileReference; fileEncoding = 4; lastKnownFileType = sourcecode.c.h; path = "UIImageView+AFNetworking.h"; sourceTree = "<group>"; };
		6C89107417A3558E0019CEF8 /* UIImageView+AFNetworking.m */ = {isa = PBXFileReference; fileEncoding = 4; lastKnownFileType = sourcecode.c.objc; path = "UIImageView+AFNetworking.m"; sourceTree = "<group>"; };
		6C89107617A3558E0019CEF8 /* JSBadgeView.h */ = {isa = PBXFileReference; fileEncoding = 4; lastKnownFileType = sourcecode.c.h; path = JSBadgeView.h; sourceTree = "<group>"; };
		6C89107717A3558E0019CEF8 /* JSBadgeView.m */ = {isa = PBXFileReference; fileEncoding = 4; lastKnownFileType = sourcecode.c.objc; path = JSBadgeView.m; sourceTree = "<group>"; };
		6C89109117A369E60019CEF8 /* SystemConfiguration.framework */ = {isa = PBXFileReference; lastKnownFileType = wrapper.framework; name = SystemConfiguration.framework; path = System/Library/Frameworks/SystemConfiguration.framework; sourceTree = SDKROOT; };
		6C89109317A369ED0019CEF8 /* MobileCoreServices.framework */ = {isa = PBXFileReference; lastKnownFileType = wrapper.framework; name = MobileCoreServices.framework; path = System/Library/Frameworks/MobileCoreServices.framework; sourceTree = SDKROOT; };
		6C89109517A36AF00019CEF8 /* Security.framework */ = {isa = PBXFileReference; lastKnownFileType = wrapper.framework; name = Security.framework; path = System/Library/Frameworks/Security.framework; sourceTree = SDKROOT; };
		6C89109717A36AFB0019CEF8 /* CFNetwork.framework */ = {isa = PBXFileReference; lastKnownFileType = wrapper.framework; name = CFNetwork.framework; path = System/Library/Frameworks/CFNetwork.framework; sourceTree = SDKROOT; };
		8D587C6E17A373ED009E9B64 /* Constant.h */ = {isa = PBXFileReference; fileEncoding = 4; lastKnownFileType = sourcecode.c.h; path = Constant.h; sourceTree = "<group>"; };
		8D587C6F17A373ED009E9B64 /* Transfer.h */ = {isa = PBXFileReference; fileEncoding = 4; lastKnownFileType = sourcecode.c.h; path = Transfer.h; sourceTree = "<group>"; };
		8D587C7017A373ED009E9B64 /* Transfer.m */ = {isa = PBXFileReference; fileEncoding = 4; lastKnownFileType = sourcecode.c.objc; path = Transfer.m; sourceTree = "<group>"; };
		8D587C7217A373ED009E9B64 /* LoginViewController.h */ = {isa = PBXFileReference; fileEncoding = 4; lastKnownFileType = sourcecode.c.h; path = LoginViewController.h; sourceTree = "<group>"; };
		8D587C7317A373ED009E9B64 /* LoginViewController.m */ = {isa = PBXFileReference; fileEncoding = 4; lastKnownFileType = sourcecode.c.objc; path = LoginViewController.m; sourceTree = "<group>"; };
		8D587C7917A375DC009E9B64 /* LKOAAppDelegate.h */ = {isa = PBXFileReference; fileEncoding = 4; lastKnownFileType = sourcecode.c.h; name = LKOAAppDelegate.h; path = LKOA4iPhone/LKOAAppDelegate.h; sourceTree = SOURCE_ROOT; };
		8D587C7A17A375DC009E9B64 /* LKOAAppDelegate.m */ = {isa = PBXFileReference; fileEncoding = 4; lastKnownFileType = sourcecode.c.objc; name = LKOAAppDelegate.m; path = LKOA4iPhone/LKOAAppDelegate.m; sourceTree = SOURCE_ROOT; };
		8D587C7C17A37693009E9B64 /* BaseViewController.h */ = {isa = PBXFileReference; fileEncoding = 4; lastKnownFileType = sourcecode.c.h; path = BaseViewController.h; sourceTree = "<group>"; };
		8D587C7D17A37693009E9B64 /* BaseViewController.m */ = {isa = PBXFileReference; fileEncoding = 4; lastKnownFileType = sourcecode.c.objc; path = BaseViewController.m; sourceTree = "<group>"; };
		8D587CC217A39E31009E9B64 /* input_bg.png */ = {isa = PBXFileReference; lastKnownFileType = image.png; path = input_bg.png; sourceTree = "<group>"; };
		8D587CC317A39E31009E9B64 /* ip_button_n.png */ = {isa = PBXFileReference; lastKnownFileType = image.png; path = ip_button_n.png; sourceTree = "<group>"; };
		8D587CC417A39E31009E9B64 /* ip_button_s.png */ = {isa = PBXFileReference; lastKnownFileType = image.png; path = ip_button_s.png; sourceTree = "<group>"; };
		8D587CC517A39E31009E9B64 /* login_bg.png */ = {isa = PBXFileReference; lastKnownFileType = image.png; path = login_bg.png; sourceTree = "<group>"; };
		8D587CC617A39E31009E9B64 /* login_button_n.png */ = {isa = PBXFileReference; lastKnownFileType = image.png; path = login_button_n.png; sourceTree = "<group>"; };
		8D587CC717A39E31009E9B64 /* logo-320x480.png */ = {isa = PBXFileReference; lastKnownFileType = image.png; path = "logo-320x480.png"; sourceTree = "<group>"; };
		8D587CC817A39E31009E9B64 /* logo.png */ = {isa = PBXFileReference; lastKnownFileType = image.png; path = logo.png; sourceTree = "<group>"; };
		8D587CC917A39E31009E9B64 /* middle_bg.png */ = {isa = PBXFileReference; lastKnownFileType = image.png; path = middle_bg.png; sourceTree = "<group>"; };
		8D587CCA17A39E31009E9B64 /* select_button_n.png */ = {isa = PBXFileReference; lastKnownFileType = image.png; path = select_button_n.png; sourceTree = "<group>"; };
		8D587CCB17A39E31009E9B64 /* select_button_s.png */ = {isa = PBXFileReference; lastKnownFileType = image.png; path = select_button_s.png; sourceTree = "<group>"; };
		8D587CCD17A39E31009E9B64 /* backbutton_normal@2x.png */ = {isa = PBXFileReference; lastKnownFileType = image.png; path = "backbutton_normal@2x.png"; sourceTree = "<group>"; };
		8D587CCE17A39E31009E9B64 /* backbutton_selected@2x.png */ = {isa = PBXFileReference; lastKnownFileType = image.png; path = "backbutton_selected@2x.png"; sourceTree = "<group>"; };
		8D587CCF17A39E31009E9B64 /* input_bg@2x.png */ = {isa = PBXFileReference; lastKnownFileType = image.png; path = "input_bg@2x.png"; sourceTree = "<group>"; };
		8D587CD017A39E31009E9B64 /* ip_button_n@2x.png */ = {isa = PBXFileReference; lastKnownFileType = image.png; path = "ip_button_n@2x.png"; sourceTree = "<group>"; };
		8D587CD117A39E31009E9B64 /* ip_button_s@2x.png */ = {isa = PBXFileReference; lastKnownFileType = image.png; path = "ip_button_s@2x.png"; sourceTree = "<group>"; };
		8D587CD217A39E31009E9B64 /* login_bg@2x.png */ = {isa = PBXFileReference; lastKnownFileType = image.png; path = "login_bg@2x.png"; sourceTree = "<group>"; };
		8D587CD317A39E31009E9B64 /* login_button_n@2x.png */ = {isa = PBXFileReference; lastKnownFileType = image.png; path = "login_button_n@2x.png"; sourceTree = "<group>"; };
		8D587CD417A39E31009E9B64 /* middle_bg@2x.png */ = {isa = PBXFileReference; lastKnownFileType = image.png; path = "middle_bg@2x.png"; sourceTree = "<group>"; };
		8D587CD517A39E31009E9B64 /* navbar@2x.png */ = {isa = PBXFileReference; lastKnownFileType = image.png; path = "navbar@2x.png"; sourceTree = "<group>"; };
		8D587CD617A39E31009E9B64 /* select_button_n@2x.png */ = {isa = PBXFileReference; lastKnownFileType = image.png; path = "select_button_n@2x.png"; sourceTree = "<group>"; };
		8D587CD717A39E31009E9B64 /* select_button_s@2x.png */ = {isa = PBXFileReference; lastKnownFileType = image.png; path = "select_button_s@2x.png"; sourceTree = "<group>"; };
/* End PBXFileReference section */

/* Begin PBXFrameworksBuildPhase section */
		6C779B6417A2B8DC00AC2C6C /* Frameworks */ = {
			isa = PBXFrameworksBuildPhase;
			buildActionMask = 2147483647;
			files = (
				6C89109817A36AFB0019CEF8 /* CFNetwork.framework in Frameworks */,
				6C89109617A36AF00019CEF8 /* Security.framework in Frameworks */,
				6C89109417A369ED0019CEF8 /* MobileCoreServices.framework in Frameworks */,
				6C89109217A369E60019CEF8 /* SystemConfiguration.framework in Frameworks */,
				6C779B6B17A2B8DD00AC2C6C /* UIKit.framework in Frameworks */,
				6C779B6D17A2B8DD00AC2C6C /* Foundation.framework in Frameworks */,
				6C779B6F17A2B8DD00AC2C6C /* CoreGraphics.framework in Frameworks */,
			);
			runOnlyForDeploymentPostprocessing = 0;
		};
/* End PBXFrameworksBuildPhase section */

/* Begin PBXGroup section */
		6C779B5E17A2B8DC00AC2C6C = {
			isa = PBXGroup;
			children = (
				6C779B7017A2B8DD00AC2C6C /* LKOA4iPhone */,
				6C779B6917A2B8DC00AC2C6C /* Frameworks */,
				6C779B6817A2B8DC00AC2C6C /* Products */,
			);
			sourceTree = "<group>";
		};
		6C779B6817A2B8DC00AC2C6C /* Products */ = {
			isa = PBXGroup;
			children = (
				6C779B6717A2B8DC00AC2C6C /* LKOA4iPhone.app */,
			);
			name = Products;
			sourceTree = "<group>";
		};
		6C779B6917A2B8DC00AC2C6C /* Frameworks */ = {
			isa = PBXGroup;
			children = (
				6C89109717A36AFB0019CEF8 /* CFNetwork.framework */,
				6C89109517A36AF00019CEF8 /* Security.framework */,
				6C89109317A369ED0019CEF8 /* MobileCoreServices.framework */,
				6C89109117A369E60019CEF8 /* SystemConfiguration.framework */,
				6C779B6A17A2B8DD00AC2C6C /* UIKit.framework */,
				6C779B6C17A2B8DD00AC2C6C /* Foundation.framework */,
				6C779B6E17A2B8DD00AC2C6C /* CoreGraphics.framework */,
			);
			name = Frameworks;
			sourceTree = "<group>";
		};
		6C779B7017A2B8DD00AC2C6C /* LKOA4iPhone */ = {
			isa = PBXGroup;
			children = (
				8D587CC017A39E31009E9B64 /* Image */,
				6C89106017A355440019CEF8 /* Source */,
				6C89105E17A355440019CEF8 /* External */,
				6C779B7117A2B8DD00AC2C6C /* Supporting Files */,
			);
			path = LKOA4iPhone;
			sourceTree = "<group>";
		};
		6C779B7117A2B8DD00AC2C6C /* Supporting Files */ = {
			isa = PBXGroup;
			children = (
				6C779B7217A2B8DD00AC2C6C /* LKOA4iPhone-Info.plist */,
				6C779B7317A2B8DD00AC2C6C /* InfoPlist.strings */,
				6C779B7617A2B8DD00AC2C6C /* main.m */,
				6C779B7817A2B8DD00AC2C6C /* LKOA4iPhone-Prefix.pch */,
				6C779B7C17A2B8DD00AC2C6C /* Default.png */,
				6C779B7E17A2B8DD00AC2C6C /* Default@2x.png */,
				6C779B8017A2B8DD00AC2C6C /* Default-568h@2x.png */,
			);
			name = "Supporting Files";
			sourceTree = "<group>";
		};
		6C89105E17A355440019CEF8 /* External */ = {
			isa = PBXGroup;
			children = (
				6C89106117A3558E0019CEF8 /* AFNetworking */,
				6C89107517A3558E0019CEF8 /* JSBadgeView */,
			);
			path = External;
			sourceTree = "<group>";
		};
		6C89106017A355440019CEF8 /* Source */ = {
			isa = PBXGroup;
			children = (
				8D587C7917A375DC009E9B64 /* LKOAAppDelegate.h */,
				8D587C7A17A375DC009E9B64 /* LKOAAppDelegate.m */,
				8D587C6D17A373ED009E9B64 /* Client */,
				8D587C7117A373ED009E9B64 /* ViewController */,
				6C89108417A35D9E0019CEF8 /* Model */,
				6C89108517A35D9E0019CEF8 /* TableViewCell */,
				6C89108617A35D9E0019CEF8 /* Utility */,
			);
			path = Source;
			sourceTree = "<group>";
		};
		6C89106117A3558E0019CEF8 /* AFNetworking */ = {
			isa = PBXGroup;
			children = (
				6C89106217A3558E0019CEF8 /* AFHTTPClient.h */,
				6C89106317A3558E0019CEF8 /* AFHTTPClient.m */,
				6C89106417A3558E0019CEF8 /* AFHTTPRequestOperation.h */,
				6C89106517A3558E0019CEF8 /* AFHTTPRequestOperation.m */,
				6C89106617A3558E0019CEF8 /* AFImageRequestOperation.h */,
				6C89106717A3558E0019CEF8 /* AFImageRequestOperation.m */,
				6C89106817A3558E0019CEF8 /* AFJSONRequestOperation.h */,
				6C89106917A3558E0019CEF8 /* AFJSONRequestOperation.m */,
				6C89106A17A3558E0019CEF8 /* AFNetworkActivityIndicatorManager.h */,
				6C89106B17A3558E0019CEF8 /* AFNetworkActivityIndicatorManager.m */,
				6C89106C17A3558E0019CEF8 /* AFNetworking.h */,
				6C89106D17A3558E0019CEF8 /* AFPropertyListRequestOperation.h */,
				6C89106E17A3558E0019CEF8 /* AFPropertyListRequestOperation.m */,
				6C89106F17A3558E0019CEF8 /* AFURLConnectionOperation.h */,
				6C89107017A3558E0019CEF8 /* AFURLConnectionOperation.m */,
				6C89107117A3558E0019CEF8 /* AFXMLRequestOperation.h */,
				6C89107217A3558E0019CEF8 /* AFXMLRequestOperation.m */,
				6C89107317A3558E0019CEF8 /* UIImageView+AFNetworking.h */,
				6C89107417A3558E0019CEF8 /* UIImageView+AFNetworking.m */,
			);
			path = AFNetworking;
			sourceTree = "<group>";
		};
		6C89107517A3558E0019CEF8 /* JSBadgeView */ = {
			isa = PBXGroup;
			children = (
				6C89107617A3558E0019CEF8 /* JSBadgeView.h */,
				6C89107717A3558E0019CEF8 /* JSBadgeView.m */,
			);
			path = JSBadgeView;
			sourceTree = "<group>";
		};
		6C89108417A35D9E0019CEF8 /* Model */ = {
			isa = PBXGroup;
			children = (
			);
			path = Model;
			sourceTree = "<group>";
		};
		6C89108517A35D9E0019CEF8 /* TableViewCell */ = {
			isa = PBXGroup;
			children = (
			);
			path = TableViewCell;
			sourceTree = "<group>";
		};
		6C89108617A35D9E0019CEF8 /* Utility */ = {
			isa = PBXGroup;
			children = (
			);
			path = Utility;
			sourceTree = "<group>";
		};
		8D587C6D17A373ED009E9B64 /* Client */ = {
			isa = PBXGroup;
			children = (
				8D587C6E17A373ED009E9B64 /* Constant.h */,
				8D587C6F17A373ED009E9B64 /* Transfer.h */,
				8D587C7017A373ED009E9B64 /* Transfer.m */,
			);
			path = Client;
			sourceTree = "<group>";
		};
		8D587C7117A373ED009E9B64 /* ViewController */ = {
			isa = PBXGroup;
			children = (
				8D587C7C17A37693009E9B64 /* BaseViewController.h */,
				8D587C7D17A37693009E9B64 /* BaseViewController.m */,
				8D587C7217A373ED009E9B64 /* LoginViewController.h */,
				8D587C7317A373ED009E9B64 /* LoginViewController.m */,
			);
			path = ViewController;
			sourceTree = "<group>";
		};
		8D587C8017A3779E009E9B64 /* Image640*960 */ = {
			isa = PBXGroup;
			children = (
				8D587C9D17A37BA2009E9B64 /* input_bg@2x.png */,
				8D587C9E17A37BA2009E9B64 /* ip_button_n@2x.png */,
				8D587C9F17A37BA2009E9B64 /* ip_button_s@2x.png */,
				8D587CA017A37BA2009E9B64 /* login_button_n@2x.png */,
				8D587CA117A37BA2009E9B64 /* middle_bg@2x.png */,
				8D587CA217A37BA2009E9B64 /* select_button_n@2x.png */,
				8D587CA317A37BA2009E9B64 /* select_button_s@2x.png */,
				8D587C8917A37A66009E9B64 /* login_bg@2x.png */,
				8D587C8117A3779E009E9B64 /* backbutton_normal@2x.png */,
				8D587C8217A3779E009E9B64 /* backbutton_selected@2x.png */,
				8D587C8317A3779E009E9B64 /* navbar@2x.png */,
			);
			path = "Image640*960";
			sourceTree = "<group>";
		};
		8D587CAB17A37BCB009E9B64 /* Image320*480 */ = {
			isa = PBXGroup;
			children = (
				8D587CAC17A37BCB009E9B64 /* input_bg.png */,
				8D587CAD17A37BCB009E9B64 /* ip_button_n.png */,
				8D587CAE17A37BCB009E9B64 /* ip_button_s.png */,
				8D587CAF17A37BCB009E9B64 /* login_bg.png */,
				8D587CB017A37BCB009E9B64 /* login_button_n.png */,
				8D587CB117A37BCB009E9B64 /* logo-320x480.png */,
				8D587CB217A37BCB009E9B64 /* logo.png */,
				8D587CB317A37BCB009E9B64 /* middle_bg.png */,
				8D587CB417A37BCC009E9B64 /* select_button_n.png */,
				8D587CB517A37BCC009E9B64 /* select_button_s.png */,
			);
			path = "Image320*480";
			sourceTree = "<group>";
		};
/* End PBXGroup section */

/* Begin PBXNativeTarget section */
		6C779B6617A2B8DC00AC2C6C /* LKOA4iPhone */ = {
			isa = PBXNativeTarget;
			buildConfigurationList = 6C779B8417A2B8DD00AC2C6C /* Build configuration list for PBXNativeTarget "LKOA4iPhone" */;
			buildPhases = (
				6C779B6317A2B8DC00AC2C6C /* Sources */,
				6C779B6417A2B8DC00AC2C6C /* Frameworks */,
				6C779B6517A2B8DC00AC2C6C /* Resources */,
			);
			buildRules = (
			);
			dependencies = (
			);
			name = LKOA4iPhone;
			productName = LKOA4iPhone;
			productReference = 6C779B6717A2B8DC00AC2C6C /* LKOA4iPhone.app */;
			productType = "com.apple.product-type.application";
		};
/* End PBXNativeTarget section */

/* Begin PBXProject section */
		6C779B5F17A2B8DC00AC2C6C /* Project object */ = {
			isa = PBXProject;
			attributes = {
				CLASSPREFIX = LKOA;
				LastUpgradeCheck = 0460;
				ORGANIZATIONNAME = DHC;
			};
			buildConfigurationList = 6C779B6217A2B8DC00AC2C6C /* Build configuration list for PBXProject "LKOA4iPhone" */;
			compatibilityVersion = "Xcode 3.2";
			developmentRegion = English;
			hasScannedForEncodings = 0;
			knownRegions = (
				en,
			);
			mainGroup = 6C779B5E17A2B8DC00AC2C6C;
			productRefGroup = 6C779B6817A2B8DC00AC2C6C /* Products */;
			projectDirPath = "";
			projectRoot = "";
			targets = (
				6C779B6617A2B8DC00AC2C6C /* LKOA4iPhone */,
			);
		};
/* End PBXProject section */

/* Begin PBXResourcesBuildPhase section */
		6C779B6517A2B8DC00AC2C6C /* Resources */ = {
			isa = PBXResourcesBuildPhase;
			buildActionMask = 2147483647;
			files = (
				6C779B7517A2B8DD00AC2C6C /* InfoPlist.strings in Resources */,
				6C779B7D17A2B8DD00AC2C6C /* Default.png in Resources */,
				6C779B7F17A2B8DD00AC2C6C /* Default@2x.png in Resources */,
				6C779B8117A2B8DD00AC2C6C /* Default-568h@2x.png in Resources */,
				8D587C8417A3779E009E9B64 /* backbutton_normal@2x.png in Resources */,
				8D587C8517A3779E009E9B64 /* backbutton_selected@2x.png in Resources */,
				8D587C8617A3779E009E9B64 /* navbar@2x.png in Resources */,
				8D587C8A17A37A66009E9B64 /* login_bg@2x.png in Resources */,
				8D587CA417A37BA2009E9B64 /* input_bg@2x.png in Resources */,
				8D587CA517A37BA2009E9B64 /* ip_button_n@2x.png in Resources */,
				8D587CA617A37BA2009E9B64 /* ip_button_s@2x.png in Resources */,
				8D587CA717A37BA2009E9B64 /* login_button_n@2x.png in Resources */,
				8D587CA817A37BA2009E9B64 /* middle_bg@2x.png in Resources */,
				8D587CA917A37BA2009E9B64 /* select_button_n@2x.png in Resources */,
				8D587CAA17A37BA2009E9B64 /* select_button_s@2x.png in Resources */,
				8D587CB617A37BCC009E9B64 /* input_bg.png in Resources */,
				8D587CB717A37BCC009E9B64 /* ip_button_n.png in Resources */,
				8D587CB817A37BCC009E9B64 /* ip_button_s.png in Resources */,
				8D587CB917A37BCC009E9B64 /* login_bg.png in Resources */,
				8D587CBA17A37BCC009E9B64 /* login_button_n.png in Resources */,
				8D587CBB17A37BCC009E9B64 /* logo-320x480.png in Resources */,
				8D587CBC17A37BCC009E9B64 /* logo.png in Resources */,
				8D587CBD17A37BCC009E9B64 /* middle_bg.png in Resources */,
				8D587CBE17A37BCC009E9B64 /* select_button_n.png in Resources */,
				8D587CBF17A37BCC009E9B64 /* select_button_s.png in Resources */,
			);
			runOnlyForDeploymentPostprocessing = 0;
		};
/* End PBXResourcesBuildPhase section */

/* Begin PBXSourcesBuildPhase section */
		6C779B6317A2B8DC00AC2C6C /* Sources */ = {
			isa = PBXSourcesBuildPhase;
			buildActionMask = 2147483647;
			files = (
				6C779B7717A2B8DD00AC2C6C /* main.m in Sources */,
				6C89107817A3558E0019CEF8 /* AFHTTPClient.m in Sources */,
				6C89107917A3558E0019CEF8 /* AFHTTPRequestOperation.m in Sources */,
				6C89107A17A3558E0019CEF8 /* AFImageRequestOperation.m in Sources */,
				6C89107B17A3558E0019CEF8 /* AFJSONRequestOperation.m in Sources */,
				6C89107C17A3558E0019CEF8 /* AFNetworkActivityIndicatorManager.m in Sources */,
				6C89107D17A3558E0019CEF8 /* AFPropertyListRequestOperation.m in Sources */,
				6C89107E17A3558E0019CEF8 /* AFURLConnectionOperation.m in Sources */,
				6C89107F17A3558E0019CEF8 /* AFXMLRequestOperation.m in Sources */,
				6C89108017A3558E0019CEF8 /* UIImageView+AFNetworking.m in Sources */,
				6C89108117A3558E0019CEF8 /* JSBadgeView.m in Sources */,
				8D587C7417A373ED009E9B64 /* Transfer.m in Sources */,
				8D587C7517A373ED009E9B64 /* LoginViewController.m in Sources */,
				8D587C7B17A375DC009E9B64 /* LKOAAppDelegate.m in Sources */,
				8D587C7E17A37693009E9B64 /* BaseViewController.m in Sources */,
			);
			runOnlyForDeploymentPostprocessing = 0;
		};
/* End PBXSourcesBuildPhase section */

/* Begin PBXVariantGroup section */
		6C779B7317A2B8DD00AC2C6C /* InfoPlist.strings */ = {
			isa = PBXVariantGroup;
			children = (
				6C779B7417A2B8DD00AC2C6C /* en */,
			);
			name = InfoPlist.strings;
			sourceTree = "<group>";
		};
/* End PBXVariantGroup section */

/* Begin XCBuildConfiguration section */
		6C779B8217A2B8DD00AC2C6C /* Debug */ = {
			isa = XCBuildConfiguration;
			buildSettings = {
				ALWAYS_SEARCH_USER_PATHS = NO;
				CLANG_CXX_LANGUAGE_STANDARD = "gnu++0x";
				CLANG_CXX_LIBRARY = "libc++";
				CLANG_ENABLE_OBJC_ARC = YES;
				CLANG_WARN_CONSTANT_CONVERSION = YES;
				CLANG_WARN_EMPTY_BODY = YES;
				CLANG_WARN_ENUM_CONVERSION = YES;
				CLANG_WARN_INT_CONVERSION = YES;
				CLANG_WARN__DUPLICATE_METHOD_MATCH = YES;
				"CODE_SIGN_IDENTITY[sdk=iphoneos*]" = "iPhone Developer";
				COPY_PHASE_STRIP = NO;
				GCC_C_LANGUAGE_STANDARD = gnu99;
				GCC_DYNAMIC_NO_PIC = NO;
				GCC_OPTIMIZATION_LEVEL = 0;
				GCC_PREPROCESSOR_DEFINITIONS = (
					"DEBUG=1",
					"$(inherited)",
				);
				GCC_SYMBOLS_PRIVATE_EXTERN = NO;
				GCC_WARN_ABOUT_RETURN_TYPE = YES;
				GCC_WARN_UNINITIALIZED_AUTOS = YES;
				GCC_WARN_UNUSED_VARIABLE = YES;
				IPHONEOS_DEPLOYMENT_TARGET = 4.3;
				ONLY_ACTIVE_ARCH = YES;
				SDKROOT = iphoneos;
			};
			name = Debug;
		};
		6C779B8317A2B8DD00AC2C6C /* Release */ = {
			isa = XCBuildConfiguration;
			buildSettings = {
				ALWAYS_SEARCH_USER_PATHS = NO;
				CLANG_CXX_LANGUAGE_STANDARD = "gnu++0x";
				CLANG_CXX_LIBRARY = "libc++";
				CLANG_ENABLE_OBJC_ARC = YES;
				CLANG_WARN_CONSTANT_CONVERSION = YES;
				CLANG_WARN_EMPTY_BODY = YES;
				CLANG_WARN_ENUM_CONVERSION = YES;
				CLANG_WARN_INT_CONVERSION = YES;
				CLANG_WARN__DUPLICATE_METHOD_MATCH = YES;
				"CODE_SIGN_IDENTITY[sdk=iphoneos*]" = "iPhone Developer";
				COPY_PHASE_STRIP = YES;
				GCC_C_LANGUAGE_STANDARD = gnu99;
				GCC_WARN_ABOUT_RETURN_TYPE = YES;
				GCC_WARN_UNINITIALIZED_AUTOS = YES;
				GCC_WARN_UNUSED_VARIABLE = YES;
				IPHONEOS_DEPLOYMENT_TARGET = 4.3;
				OTHER_CFLAGS = "-DNS_BLOCK_ASSERTIONS=1";
				SDKROOT = iphoneos;
				VALIDATE_PRODUCT = YES;
			};
			name = Release;
		};
		6C779B8517A2B8DD00AC2C6C /* Debug */ = {
			isa = XCBuildConfiguration;
			buildSettings = {
				GCC_PRECOMPILE_PREFIX_HEADER = YES;
				GCC_PREFIX_HEADER = "LKOA4iPhone/LKOA4iPhone-Prefix.pch";
				INFOPLIST_FILE = "LKOA4iPhone/LKOA4iPhone-Info.plist";
				IPHONEOS_DEPLOYMENT_TARGET = 5.0;
				PRODUCT_NAME = "$(TARGET_NAME)";
				WRAPPER_EXTENSION = app;
			};
			name = Debug;
		};
		6C779B8617A2B8DD00AC2C6C /* Release */ = {
			isa = XCBuildConfiguration;
			buildSettings = {
				GCC_PRECOMPILE_PREFIX_HEADER = YES;
				GCC_PREFIX_HEADER = "LKOA4iPhone/LKOA4iPhone-Prefix.pch";
				INFOPLIST_FILE = "LKOA4iPhone/LKOA4iPhone-Info.plist";
				IPHONEOS_DEPLOYMENT_TARGET = 5.0;
				PRODUCT_NAME = "$(TARGET_NAME)";
				WRAPPER_EXTENSION = app;
			};
			name = Release;
		};
/* End XCBuildConfiguration section */

/* Begin XCConfigurationList section */
		6C779B6217A2B8DC00AC2C6C /* Build configuration list for PBXProject "LKOA4iPhone" */ = {
			isa = XCConfigurationList;
			buildConfigurations = (
				6C779B8217A2B8DD00AC2C6C /* Debug */,
				6C779B8317A2B8DD00AC2C6C /* Release */,
			);
			defaultConfigurationIsVisible = 0;
			defaultConfigurationName = Release;
		};
		6C779B8417A2B8DD00AC2C6C /* Build configuration list for PBXNativeTarget "LKOA4iPhone" */ = {
			isa = XCConfigurationList;
			buildConfigurations = (
				6C779B8517A2B8DD00AC2C6C /* Debug */,
				6C779B8617A2B8DD00AC2C6C /* Release */,
			);
			defaultConfigurationIsVisible = 0;
			defaultConfigurationName = Release;
		};
/* End XCConfigurationList section */
	};
	rootObject = 6C779B5F17A2B8DC00AC2C6C /* Project object */;
}
